
Microsoft Visual Studio Solution File, Format Version 12.00
Project("{FAE04EC0-301F-11D3-BF4B-00C04F79EFBC}") = "ConwaysGameOfLife", "ConwaysGameOfLife.csproj", "{6A744254-6473-49BD-9821-B750CFA10718}"
EndProject
Project("{FAE04EC0-301F-11D3-BF4B-00C04F79EFBC}") = "ConwaysGameOfLifeTests", "..\ConwaysGameOfLifeTests\ConwaysGameOfLifeTests.csproj", "{09027734-E34F-4C44-99EF-F5A37E549265}"
EndProject
Global
	GlobalSection(SolutionConfigurationPlatforms) = preSolution
		Debug|Any CPU = Debug|Any CPU
		Release|Any CPU = Release|Any CPU
	EndGlobalSection
	GlobalSection(ProjectConfigurationPlatforms) = postSolution
		{6A744254-6473-49BD-9821-B750CFA10718}.Debug|Any CPU.ActiveCfg = Debug|Any CPU
		{6A744254-6473-49BD-9821-B750CFA10718}.Debug|Any CPU.Build.0 = Debug|Any CPU
		{6A744254-6473-49BD-9821-B750CFA10718}.Release|Any CPU.ActiveCfg = Release|Any CPU
		{6A744254-6473-49BD-9821-B750CFA10718}.Release|Any CPU.Build.0 = Release|Any CPU
		{09027734-E34F-4C44-99EF-F5A37E549265}.Debug|Any CPU.ActiveCfg = Debug|Any CPU
		{09027734-E34F-4C44-99EF-F5A37E549265}.Debug|Any CPU.Build.0 = Debug|Any CPU
		{09027734-E34F-4C44-99EF-F5A37E549265}.Release|Any CPU.ActiveCfg = Release|Any CPU
		{09027734-E34F-4C44-99EF-F5A37E549265}.Release|Any CPU.Build.0 = Release|Any CPU
	EndGlobalSection
EndGlobal
